
Microsoft Visual Studio Solution File, Format Version 12.00
# Visual Studio Version 17
VisualStudioVersion = 17.7.34003.232
MinimumVisualStudioVersion = 10.0.40219.1
Project("{9A19103F-16F7-4668-BE54-9A1E7A4F7556}") = "Calabonga.AspNetCore.AppDefinitions.Template", "Calabonga.AspNetCore.AppDefinitions.Template\Calabonga.AspNetCore.AppDefinitions.Template.csproj", "{365394A2-852B-48A9-A546-E3151BA6F21F}"
EndProject
Project("{2150E333-8FDC-42A3-9474-1A3956D46DE8}") = "Solution Items", "Solution Items", "{CA089E68-2A40-4E9C-8139-0909E40E023E}"
	ProjectSection(SolutionItems) = preProject
		..\.github\FUNDING.yml = ..\.github\FUNDING.yml
		..\.github\workflows\package.yml = ..\.github\workflows\package.yml
		..\README.md = ..\README.md
	EndProjectSection
EndProject
Global
	GlobalSection(SolutionConfigurationPlatforms) = preSolution
		Debug|Any CPU = Debug|Any CPU
		Release|Any CPU = Release|Any CPU
	EndGlobalSection
	GlobalSection(ProjectConfigurationPlatforms) = postSolution
		{365394A2-852B-48A9-A546-E3151BA6F21F}.Debug|Any CPU.ActiveCfg = Debug|Any CPU
		{365394A2-852B-48A9-A546-E3151BA6F21F}.Debug|Any CPU.Build.0 = Debug|Any CPU
		{365394A2-852B-48A9-A546-E3151BA6F21F}.Release|Any CPU.ActiveCfg = Release|Any CPU
		{365394A2-852B-48A9-A546-E3151BA6F21F}.Release|Any CPU.Build.0 = Release|Any CPU
	EndGlobalSection
	GlobalSection(SolutionProperties) = preSolution
		HideSolutionNode = FALSE
	EndGlobalSection
	GlobalSection(ExtensibilityGlobals) = postSolution
		SolutionGuid = {CA42572C-B3B1-4E62-899E-EECE50EBD469}
	EndGlobalSection
EndGlobal
